
Microsoft Visual Studio Solution File, Format Version 12.00
# Visual Studio Version 16
VisualStudioVersion = 16.0.32228.343
MinimumVisualStudioVersion = 10.0.40219.1
Project("{FAE04EC0-301F-11D3-BF4B-00C04F79EFBC}") = "DropDownWeb", "DropDownWeb\DropDownWeb.csproj", "{AAE0D3E3-92C6-4FF8-BEB3-D44712680E2A}"
EndProject
Project("{FAE04EC0-301F-11D3-BF4B-00C04F79EFBC}") = "DB", "DB\DB.csproj", "{EFA8EA8F-1803-4750-914F-2966A0B09837}"
EndProject
Project("{FAE04EC0-301F-11D3-BF4B-00C04F79EFBC}") = "DomainModel", "DomainModel\DomainModel.csproj", "{6BB2F029-5380-4E31-BE74-34C5D82F503A}"
EndProject
Project("{FAE04EC0-301F-11D3-BF4B-00C04F79EFBC}") = "DataModel", "DataModel\DataModel.csproj", "{820B2CB0-A7C2-4A1D-8C9A-6426EF857489}"
EndProject
Global
	GlobalSection(SolutionConfigurationPlatforms) = preSolution
		Debug|Any CPU = Debug|Any CPU
		Release|Any CPU = Release|Any CPU
	EndGlobalSection
	GlobalSection(ProjectConfigurationPlatforms) = postSolution
		{AAE0D3E3-92C6-4FF8-BEB3-D44712680E2A}.Debug|Any CPU.ActiveCfg = Debug|Any CPU
		{AAE0D3E3-92C6-4FF8-BEB3-D44712680E2A}.Debug|Any CPU.Build.0 = Debug|Any CPU
		{AAE0D3E3-92C6-4FF8-BEB3-D44712680E2A}.Release|Any CPU.ActiveCfg = Release|Any CPU
		{AAE0D3E3-92C6-4FF8-BEB3-D44712680E2A}.Release|Any CPU.Build.0 = Release|Any CPU
		{EFA8EA8F-1803-4750-914F-2966A0B09837}.Debug|Any CPU.ActiveCfg = Debug|Any CPU
		{EFA8EA8F-1803-4750-914F-2966A0B09837}.Debug|Any CPU.Build.0 = Debug|Any CPU
		{EFA8EA8F-1803-4750-914F-2966A0B09837}.Release|Any CPU.ActiveCfg = Release|Any CPU
		{EFA8EA8F-1803-4750-914F-2966A0B09837}.Release|Any CPU.Build.0 = Release|Any CPU
		{6BB2F029-5380-4E31-BE74-34C5D82F503A}.Debug|Any CPU.ActiveCfg = Debug|Any CPU
		{6BB2F029-5380-4E31-BE74-34C5D82F503A}.Debug|Any CPU.Build.0 = Debug|Any CPU
		{6BB2F029-5380-4E31-BE74-34C5D82F503A}.Release|Any CPU.ActiveCfg = Release|Any CPU
		{6BB2F029-5380-4E31-BE74-34C5D82F503A}.Release|Any CPU.Build.0 = Release|Any CPU
		{820B2CB0-A7C2-4A1D-8C9A-6426EF857489}.Debug|Any CPU.ActiveCfg = Debug|Any CPU
		{820B2CB0-A7C2-4A1D-8C9A-6426EF857489}.Debug|Any CPU.Build.0 = Debug|Any CPU
		{820B2CB0-A7C2-4A1D-8C9A-6426EF857489}.Release|Any CPU.ActiveCfg = Release|Any CPU
		{820B2CB0-A7C2-4A1D-8C9A-6426EF857489}.Release|Any CPU.Build.0 = Release|Any CPU
	EndGlobalSection
	GlobalSection(SolutionProperties) = preSolution
		HideSolutionNode = FALSE
	EndGlobalSection
	GlobalSection(ExtensibilityGlobals) = postSolution
		SolutionGuid = {39E8CBBD-C9D8-4D9C-9304-05D92F136957}
	EndGlobalSection
EndGlobal
